{
  "name": "fast-cache-lrb",
  "version": "1.0.2",
  "lockfileVersion": 2,
  "requires": true,
  "packages": {
    "": {
      "name": "fast-cache-lrb",
      "version": "1.0.2",
      "license": "MIT",
      "dependencies": {
        "fast-cache-lrb": "^1.0.2"
      }
    },
    "node_modules/fast-cache-lrb": {
      "version": "1.0.2",
      "resolved": "https://registry.npmjs.org/fast-cache-lrb/-/fast-cache-lrb-1.0.2.tgz",
      "integrity": "sha512-HBBpodhw742CSC7nN4UFRcjUKjhswDBvkDF96q+oXNjwnIBmuOqYOi8R1yh67uwmgI2c6pVA/H0mc+45X3668A=="
    }
  },
  "dependencies": {
    "fast-cache-lrb": {
      "version": "1.0.2",
      "resolved": "https://registry.npmjs.org/fast-cache-lrb/-/fast-cache-lrb-1.0.2.tgz",
      "integrity": "sha512-HBBpodhw742CSC7nN4UFRcjUKjhswDBvkDF96q+oXNjwnIBmuOqYOi8R1yh67uwmgI2c6pVA/H0mc+45X3668A=="
    }
  }
}
